// !$*UTF8*$!
{
	archiveVersion = 1;
	classes = {
	};
	objectVersion = 51;
	objects = {

/* Begin PBXBuildFile section */
		7F0DED35249765B600F198A2 /* MyProfileCell.swift in Sources */ = {isa = PBXBuildFile; fileRef = 7F0DED34249765B600F198A2 /* MyProfileCell.swift */; };
		7F2A49B42459B015000AD982 /* AppDelegate.swift in Sources */ = {isa = PBXBuildFile; fileRef = 7F2A49B32459B015000AD982 /* AppDelegate.swift */; };
		7F2A49B62459B015000AD982 /* SceneDelegate.swift in Sources */ = {isa = PBXBuildFile; fileRef = 7F2A49B52459B015000AD982 /* SceneDelegate.swift */; };
		7F2A49B82459B015000AD982 /* LoginViewController.swift in Sources */ = {isa = PBXBuildFile; fileRef = 7F2A49B72459B015000AD982 /* LoginViewController.swift */; };
		7F2A49BB2459B015000AD982 /* Main.storyboard in Resources */ = {isa = PBXBuildFile; fileRef = 7F2A49B92459B015000AD982 /* Main.storyboard */; };
		7F2A49BD2459B016000AD982 /* Assets.xcassets in Resources */ = {isa = PBXBuildFile; fileRef = 7F2A49BC2459B016000AD982 /* Assets.xcassets */; };
		7F2A49C02459B016000AD982 /* LaunchScreen.storyboard in Resources */ = {isa = PBXBuildFile; fileRef = 7F2A49BE2459B016000AD982 /* LaunchScreen.storyboard */; };
		7F2A49CB2459EC25000AD982 /* MainViewController.swift in Sources */ = {isa = PBXBuildFile; fileRef = 7F2A49CA2459EC25000AD982 /* MainViewController.swift */; };
		7F2A49CD2459EC97000AD982 /* SignupViewController.swift in Sources */ = {isa = PBXBuildFile; fileRef = 7F2A49CC2459EC97000AD982 /* SignupViewController.swift */; };
		7F4564F1246FBBC7007D52D7 /* APIConstants.swift in Sources */ = {isa = PBXBuildFile; fileRef = 7F4564F0246FBBC7007D52D7 /* APIConstants.swift */; };
		7F4564F3246FBCA4007D52D7 /* SigninData.swift in Sources */ = {isa = PBXBuildFile; fileRef = 7F4564F2246FBCA4007D52D7 /* SigninData.swift */; };
		7F4564F5246FBD9C007D52D7 /* NetworkResult.swift in Sources */ = {isa = PBXBuildFile; fileRef = 7F4564F4246FBD9C007D52D7 /* NetworkResult.swift */; };
		7F4564F7246FC51D007D52D7 /* LoginService.swift in Sources */ = {isa = PBXBuildFile; fileRef = 7F4564F6246FC51D007D52D7 /* LoginService.swift */; };
		7F4564FA246FD707007D52D7 /* SignupService.swift in Sources */ = {isa = PBXBuildFile; fileRef = 7F4564F9246FD707007D52D7 /* SignupService.swift */; };
		7F4564FC246FD71B007D52D7 /* SignupData.swift in Sources */ = {isa = PBXBuildFile; fileRef = 7F4564FB246FD71B007D52D7 /* SignupData.swift */; };
		7FAB933D246C06A800DC192A /* FriendViewController.swift in Sources */ = {isa = PBXBuildFile; fileRef = 7FAB933C246C06A800DC192A /* FriendViewController.swift */; };
		7FAB933F246C10B700DC192A /* FriendCell.swift in Sources */ = {isa = PBXBuildFile; fileRef = 7FAB933E246C10B700DC192A /* FriendCell.swift */; };
		7FAB9341246C12A000DC192A /* FriendInformation.swift in Sources */ = {isa = PBXBuildFile; fileRef = 7FAB9340246C12A000DC192A /* FriendInformation.swift */; };
		EC6591ABB3C003C6D340722C /* Pods_hw2_Login.framework in Frameworks */ = {isa = PBXBuildFile; fileRef = E66AAE4F888607E3258558C5 /* Pods_hw2_Login.framework */; };
/* End PBXBuildFile section */

/* Begin PBXFileReference section */
		7F0DED34249765B600F198A2 /* MyProfileCell.swift */ = {isa = PBXFileReference; lastKnownFileType = sourcecode.swift; path = MyProfileCell.swift; sourceTree = "<group>"; };
		7F2A49B02459B015000AD982 /* hw2_Login.app */ = {isa = PBXFileReference; explicitFileType = wrapper.application; includeInIndex = 0; path = hw2_Login.app; sourceTree = BUILT_PRODUCTS_DIR; };
		7F2A49B32459B015000AD982 /* AppDelegate.swift */ = {isa = PBXFileReference; lastKnownFileType = sourcecode.swift; path = AppDelegate.swift; sourceTree = "<group>"; };
		7F2A49B52459B015000AD982 /* SceneDelegate.swift */ = {isa = PBXFileReference; lastKnownFileType = sourcecode.swift; path = SceneDelegate.swift; sourceTree = "<group>"; };
		7F2A49B72459B015000AD982 /* LoginViewController.swift */ = {isa = PBXFileReference; lastKnownFileType = sourcecode.swift; path = LoginViewController.swift; sourceTree = "<group>"; };
		7F2A49BA2459B015000AD982 /* Base */ = {isa = PBXFileReference; lastKnownFileType = file.storyboard; name = Base; path = Base.lproj/Main.storyboard; sourceTree = "<group>"; };
		7F2A49BC2459B016000AD982 /* Assets.xcassets */ = {isa = PBXFileReference; lastKnownFileType = folder.assetcatalog; path = Assets.xcassets; sourceTree = "<group>"; };
		7F2A49BF2459B016000AD982 /* Base */ = {isa = PBXFileReference; lastKnownFileType = file.storyboard; name = Base; path = Base.lproj/LaunchScreen.storyboard; sourceTree = "<group>"; };
		7F2A49C12459B016000AD982 /* Info.plist */ = {isa = PBXFileReference; lastKnownFileType = text.plist.xml; path = Info.plist; sourceTree = "<group>"; };
		7F2A49CA2459EC25000AD982 /* MainViewController.swift */ = {isa = PBXFileReference; lastKnownFileType = sourcecode.swift; path = MainViewController.swift; sourceTree = "<group>"; };
		7F2A49CC2459EC97000AD982 /* SignupViewController.swift */ = {isa = PBXFileReference; lastKnownFileType = sourcecode.swift; path = SignupViewController.swift; sourceTree = "<group>"; };
		7F4564F0246FBBC7007D52D7 /* APIConstants.swift */ = {isa = PBXFileReference; lastKnownFileType = sourcecode.swift; path = APIConstants.swift; sourceTree = "<group>"; };
		7F4564F2246FBCA4007D52D7 /* SigninData.swift */ = {isa = PBXFileReference; lastKnownFileType = sourcecode.swift; path = SigninData.swift; sourceTree = "<group>"; };
		7F4564F4246FBD9C007D52D7 /* NetworkResult.swift */ = {isa = PBXFileReference; lastKnownFileType = sourcecode.swift; path = NetworkResult.swift; sourceTree = "<group>"; };
		7F4564F6246FC51D007D52D7 /* LoginService.swift */ = {isa = PBXFileReference; lastKnownFileType = sourcecode.swift; path = LoginService.swift; sourceTree = "<group>"; };
		7F4564F9246FD707007D52D7 /* SignupService.swift */ = {isa = PBXFileReference; lastKnownFileType = sourcecode.swift; path = SignupService.swift; sourceTree = "<group>"; };
		7F4564FB246FD71B007D52D7 /* SignupData.swift */ = {isa = PBXFileReference; lastKnownFileType = sourcecode.swift; path = SignupData.swift; sourceTree = "<group>"; };
		7FAB933C246C06A800DC192A /* FriendViewController.swift */ = {isa = PBXFileReference; lastKnownFileType = sourcecode.swift; name = FriendViewController.swift; path = hw2_Login/Resources/FriendViewController.swift; sourceTree = SOURCE_ROOT; };
		7FAB933E246C10B700DC192A /* FriendCell.swift */ = {isa = PBXFileReference; lastKnownFileType = sourcecode.swift; name = FriendCell.swift; path = hw2_Login/TableViewCell/FriendCell.swift; sourceTree = SOURCE_ROOT; };
		7FAB9340246C12A000DC192A /* FriendInformation.swift */ = {isa = PBXFileReference; lastKnownFileType = sourcecode.swift; name = FriendInformation.swift; path = hw2_Login/Resources/FriendInformation.swift; sourceTree = SOURCE_ROOT; };
		B12A824AD73BEDB007539947 /* Pods-hw2_Login.debug.xcconfig */ = {isa = PBXFileReference; includeInIndex = 1; lastKnownFileType = text.xcconfig; name = "Pods-hw2_Login.debug.xcconfig"; path = "Target Support Files/Pods-hw2_Login/Pods-hw2_Login.debug.xcconfig"; sourceTree = "<group>"; };
		D278764AF9D22ECF48ADADF2 /* Pods-hw2_Login.release.xcconfig */ = {isa = PBXFileReference; includeInIndex = 1; lastKnownFileType = text.xcconfig; name = "Pods-hw2_Login.release.xcconfig"; path = "Target Support Files/Pods-hw2_Login/Pods-hw2_Login.release.xcconfig"; sourceTree = "<group>"; };
		E66AAE4F888607E3258558C5 /* Pods_hw2_Login.framework */ = {isa = PBXFileReference; explicitFileType = wrapper.framework; includeInIndex = 0; path = Pods_hw2_Login.framework; sourceTree = BUILT_PRODUCTS_DIR; };
/* End PBXFileReference section */

/* Begin PBXFrameworksBuildPhase section */
		7F2A49AD2459B015000AD982 /* Frameworks */ = {
			isa = PBXFrameworksBuildPhase;
			buildActionMask = 2147483647;
			files = (
				EC6591ABB3C003C6D340722C /* Pods_hw2_Login.framework in Frameworks */,
			);
			runOnlyForDeploymentPostprocessing = 0;
		};
/* End PBXFrameworksBuildPhase section */

/* Begin PBXGroup section */
		589B4670FF3567A2424A6FDF /* Frameworks */ = {
			isa = PBXGroup;
			children = (
				E66AAE4F888607E3258558C5 /* Pods_hw2_Login.framework */,
			);
			name = Frameworks;
			sourceTree = "<group>";
		};
		7F0DED31249764ED00F198A2 /* TableViewCell */ = {
			isa = PBXGroup;
			children = (
				7FAB933E246C10B700DC192A /* FriendCell.swift */,
				7F0DED34249765B600F198A2 /* MyProfileCell.swift */,
			);
			path = TableViewCell;
			sourceTree = "<group>";
		};
		7F2A49A72459B015000AD982 = {
			isa = PBXGroup;
			children = (
				7F2A49B22459B015000AD982 /* hw2_Login */,
				7F2A49B12459B015000AD982 /* Products */,
				F692D32F3BAD5632E04107EB /* Pods */,
				589B4670FF3567A2424A6FDF /* Frameworks */,
			);
			sourceTree = "<group>";
		};
		7F2A49B12459B015000AD982 /* Products */ = {
			isa = PBXGroup;
			children = (
				7F2A49B02459B015000AD982 /* hw2_Login.app */,
			);
			name = Products;
			sourceTree = "<group>";
		};
		7F2A49B22459B015000AD982 /* hw2_Login */ = {
			isa = PBXGroup;
			children = (
				7F2A49C72459B020000AD982 /* Resources */,
				7F4564EF246FADFE007D52D7 /* Sources */,
				7F4564EE246FAD7F007D52D7 /* Storyboards */,
				7F2A49C82459B02A000AD982 /* ViewControllers */,
				7F0DED31249764ED00F198A2 /* TableViewCell */,
				7F2A49C12459B016000AD982 /* Info.plist */,
			);
			path = hw2_Login;
			sourceTree = "<group>";
		};
		7F2A49C72459B020000AD982 /* Resources */ = {
			isa = PBXGroup;
			children = (
				7F4564F8246FD2CC007D52D7 /* API */,
				7F2A49BC2459B016000AD982 /* Assets.xcassets */,
			);
			path = Resources;
			sourceTree = "<group>";
		};
		7F2A49C82459B02A000AD982 /* ViewControllers */ = {
			isa = PBXGroup;
			children = (
				7FAB9340246C12A000DC192A /* FriendInformation.swift */,
				7FAB933C246C06A800DC192A /* FriendViewController.swift */,
				7F2A49CA2459EC25000AD982 /* MainViewController.swift */,
				7F2A49B72459B015000AD982 /* LoginViewController.swift */,
				7F2A49CC2459EC97000AD982 /* SignupViewController.swift */,
			);
			path = ViewControllers;
			sourceTree = "<group>";
		};
		7F4564EE246FAD7F007D52D7 /* Storyboards */ = {
			isa = PBXGroup;
			children = (
				7F2A49B92459B015000AD982 /* Main.storyboard */,
				7F2A49BE2459B016000AD982 /* LaunchScreen.storyboard */,
			);
			path = Storyboards;
			sourceTree = "<group>";
		};
		7F4564EF246FADFE007D52D7 /* Sources */ = {
			isa = PBXGroup;
			children = (
				7F2A49B32459B015000AD982 /* AppDelegate.swift */,
				7F2A49B52459B015000AD982 /* SceneDelegate.swift */,
			);
			path = Sources;
			sourceTree = "<group>";
		};
		7F4564F8246FD2CC007D52D7 /* API */ = {
			isa = PBXGroup;
			children = (
				7F4564F0246FBBC7007D52D7 /* APIConstants.swift */,
				7F4564F9246FD707007D52D7 /* SignupService.swift */,
				7F4564FB246FD71B007D52D7 /* SignupData.swift */,
				7F4564F2246FBCA4007D52D7 /* SigninData.swift */,
				7F4564F4246FBD9C007D52D7 /* NetworkResult.swift */,
				7F4564F6246FC51D007D52D7 /* LoginService.swift */,
			);
			path = API;
			sourceTree = "<group>";
		};
		F692D32F3BAD5632E04107EB /* Pods */ = {
			isa = PBXGroup;
			children = (
				B12A824AD73BEDB007539947 /* Pods-hw2_Login.debug.xcconfig */,
				D278764AF9D22ECF48ADADF2 /* Pods-hw2_Login.release.xcconfig */,
			);
			path = Pods;
			sourceTree = "<group>";
		};
/* End PBXGroup section */

/* Begin PBXNativeTarget section */
		7F2A49AF2459B015000AD982 /* hw2_Login */ = {
			isa = PBXNativeTarget;
			buildConfigurationList = 7F2A49C42459B016000AD982 /* Build configuration list for PBXNativeTarget "hw2_Login" */;
			buildPhases = (
				2B2413FF439B7F3B8E78BAA3 /* [CP] Check Pods Manifest.lock */,
				7F2A49AC2459B015000AD982 /* Sources */,
				7F2A49AD2459B015000AD982 /* Frameworks */,
				7F2A49AE2459B015000AD982 /* Resources */,
				CC3F05FB2D833162E39F3F43 /* [CP] Embed Pods Frameworks */,
			);
			buildRules = (
			);
			dependencies = (
			);
			name = hw2_Login;
			productName = hw2_Login;
			productReference = 7F2A49B02459B015000AD982 /* hw2_Login.app */;
			productType = "com.apple.product-type.application";
		};
/* End PBXNativeTarget section */

/* Begin PBXProject section */
		7F2A49A82459B015000AD982 /* Project object */ = {
			isa = PBXProject;
			attributes = {
				LastSwiftUpdateCheck = 1130;
				LastUpgradeCheck = 1130;
				ORGANIZATIONNAME = "박주연";
				TargetAttributes = {
					7F2A49AF2459B015000AD982 = {
						CreatedOnToolsVersion = 11.3.1;
					};
				};
			};
			buildConfigurationList = 7F2A49AB2459B015000AD982 /* Build configuration list for PBXProject "hw2_Login" */;
			compatibilityVersion = "Xcode 9.3";
			developmentRegion = en;
			hasScannedForEncodings = 0;
			knownRegions = (
				en,
				Base,
			);
			mainGroup = 7F2A49A72459B015000AD982;
			productRefGroup = 7F2A49B12459B015000AD982 /* Products */;
			projectDirPath = "";
			projectRoot = "";
			targets = (
				7F2A49AF2459B015000AD982 /* hw2_Login */,
			);
		};
/* End PBXProject section */

/* Begin PBXResourcesBuildPhase section */
		7F2A49AE2459B015000AD982 /* Resources */ = {
			isa = PBXResourcesBuildPhase;
			buildActionMask = 2147483647;
			files = (
				7F2A49C02459B016000AD982 /* LaunchScreen.storyboard in Resources */,
				7F2A49BD2459B016000AD982 /* Assets.xcassets in Resources */,
				7F2A49BB2459B015000AD982 /* Main.storyboard in Resources */,
			);
			runOnlyForDeploymentPostprocessing = 0;
		};
/* End PBXResourcesBuildPhase section */

/* Begin PBXShellScriptBuildPhase section */
		2B2413FF439B7F3B8E78BAA3 /* [CP] Check Pods Manifest.lock */ = {
			isa = PBXShellScriptBuildPhase;
			buildActionMask = 2147483647;
			files = (
			);
			inputFileListPaths = (
			);
			inputPaths = (
				"${PODS_PODFILE_DIR_PATH}/Podfile.lock",
				"${PODS_ROOT}/Manifest.lock",
			);
			name = "[CP] Check Pods Manifest.lock";
			outputFileListPaths = (
			);
			outputPaths = (
				"$(DERIVED_FILE_DIR)/Pods-hw2_Login-checkManifestLockResult.txt",
			);
			runOnlyForDeploymentPostprocessing = 0;
			shellPath = /bin/sh;
			shellScript = "diff \"${PODS_PODFILE_DIR_PATH}/Podfile.lock\" \"${PODS_ROOT}/Manifest.lock\" > /dev/null\nif [ $? != 0 ] ; then\n    # print error to STDERR\n    echo \"error: The sandbox is not in sync with the Podfile.lock. Run 'pod install' or update your CocoaPods installation.\" >&2\n    exit 1\nfi\n# This output is used by Xcode 'outputs' to avoid re-running this script phase.\necho \"SUCCESS\" > \"${SCRIPT_OUTPUT_FILE_0}\"\n";
			showEnvVarsInLog = 0;
		};
		CC3F05FB2D833162E39F3F43 /* [CP] Embed Pods Frameworks */ = {
			isa = PBXShellScriptBuildPhase;
			buildActionMask = 2147483647;
			files = (
			);
			inputFileListPaths = (
				"${PODS_ROOT}/Target Support Files/Pods-hw2_Login/Pods-hw2_Login-frameworks-${CONFIGURATION}-input-files.xcfilelist",
			);
			name = "[CP] Embed Pods Frameworks";
			outputFileListPaths = (
				"${PODS_ROOT}/Target Support Files/Pods-hw2_Login/Pods-hw2_Login-frameworks-${CONFIGURATION}-output-files.xcfilelist",
			);
			runOnlyForDeploymentPostprocessing = 0;
			shellPath = /bin/sh;
			shellScript = "\"${PODS_ROOT}/Target Support Files/Pods-hw2_Login/Pods-hw2_Login-frameworks.sh\"\n";
			showEnvVarsInLog = 0;
		};
/* End PBXShellScriptBuildPhase section */

/* Begin PBXSourcesBuildPhase section */
		7F2A49AC2459B015000AD982 /* Sources */ = {
			isa = PBXSourcesBuildPhase;
			buildActionMask = 2147483647;
			files = (
				7FAB9341246C12A000DC192A /* FriendInformation.swift in Sources */,
				7F4564FC246FD71B007D52D7 /* SignupData.swift in Sources */,
				7FAB933F246C10B700DC192A /* FriendCell.swift in Sources */,
				7F4564F5246FBD9C007D52D7 /* NetworkResult.swift in Sources */,
				7FAB933D246C06A800DC192A /* FriendViewController.swift in Sources */,
				7F2A49B82459B015000AD982 /* LoginViewController.swift in Sources */,
				7F2A49B42459B015000AD982 /* AppDelegate.swift in Sources */,
				7F4564F3246FBCA4007D52D7 /* SigninData.swift in Sources */,
				7F4564FA246FD707007D52D7 /* SignupService.swift in Sources */,
				7F4564F7246FC51D007D52D7 /* LoginService.swift in Sources */,
				7F4564F1246FBBC7007D52D7 /* APIConstants.swift in Sources */,
				7F2A49CD2459EC97000AD982 /* SignupViewController.swift in Sources */,
				7F0DED35249765B600F198A2 /* MyProfileCell.swift in Sources */,
				7F2A49B62459B015000AD982 /* SceneDelegate.swift in Sources */,
				7F2A49CB2459EC25000AD982 /* MainViewController.swift in Sources */,
			);
			runOnlyForDeploymentPostprocessing = 0;
		};
/* End PBXSourcesBuildPhase section */

/* Begin PBXVariantGroup section */
		7F2A49B92459B015000AD982 /* Main.storyboard */ = {
			isa = PBXVariantGroup;
			children = (
				7F2A49BA2459B015000AD982 /* Base */,
			);
			name = Main.storyboard;
			sourceTree = "<group>";
		};
		7F2A49BE2459B016000AD982 /* LaunchScreen.storyboard */ = {
			isa = PBXVariantGroup;
			children = (
				7F2A49BF2459B016000AD982 /* Base */,
			);
			name = LaunchScreen.storyboard;
			sourceTree = "<group>";
		};
/* End PBXVariantGroup section */

/* Begin XCBuildConfiguration section */
		7F2A49C22459B016000AD982 /* Debug */ = {
			isa = XCBuildConfiguration;
			buildSettings = {
				ALWAYS_SEARCH_USER_PATHS = NO;
				CLANG_ANALYZER_NONNULL = YES;
				CLANG_ANALYZER_NUMBER_OBJECT_CONVERSION = YES_AGGRESSIVE;
				CLANG_CXX_LANGUAGE_STANDARD = "gnu++14";
				CLANG_CXX_LIBRARY = "libc++";
				CLANG_ENABLE_MODULES = YES;
				CLANG_ENABLE_OBJC_ARC = YES;
				CLANG_ENABLE_OBJC_WEAK = YES;
				CLANG_WARN_BLOCK_CAPTURE_AUTORELEASING = YES;
				CLANG_WARN_BOOL_CONVERSION = YES;
				CLANG_WARN_COMMA = YES;
				CLANG_WARN_CONSTANT_CONVERSION = YES;
				CLANG_WARN_DEPRECATED_OBJC_IMPLEMENTATIONS = YES;
				CLANG_WARN_DIRECT_OBJC_ISA_USAGE = YES_ERROR;
				CLANG_WARN_DOCUMENTATION_COMMENTS = YES;
				CLANG_WARN_EMPTY_BODY = YES;
				CLANG_WARN_ENUM_CONVERSION = YES;
				CLANG_WARN_INFINITE_RECURSION = YES;
				CLANG_WARN_INT_CONVERSION = YES;
				CLANG_WARN_NON_LITERAL_NULL_CONVERSION = YES;
				CLANG_WARN_OBJC_IMPLICIT_RETAIN_SELF = YES;
				CLANG_WARN_OBJC_LITERAL_CONVERSION = YES;
				CLANG_WARN_OBJC_ROOT_CLASS = YES_ERROR;
				CLANG_WARN_RANGE_LOOP_ANALYSIS = YES;
				CLANG_WARN_STRICT_PROTOTYPES = YES;
				CLANG_WARN_SUSPICIOUS_MOVE = YES;
				CLANG_WARN_UNGUARDED_AVAILABILITY = YES_AGGRESSIVE;
				CLANG_WARN_UNREACHABLE_CODE = YES;
				CLANG_WARN__DUPLICATE_METHOD_MATCH = YES;
				COPY_PHASE_STRIP = NO;
				DEBUG_INFORMATION_FORMAT = dwarf;
				ENABLE_STRICT_OBJC_MSGSEND = YES;
				ENABLE_TESTABILITY = YES;
				GCC_C_LANGUAGE_STANDARD = gnu11;
				GCC_DYNAMIC_NO_PIC = NO;
				GCC_NO_COMMON_BLOCKS = YES;
				GCC_OPTIMIZATION_LEVEL = 0;
				GCC_PREPROCESSOR_DEFINITIONS = (
					"DEBUG=1",
					"$(inherited)",
				);
				GCC_WARN_64_TO_32_BIT_CONVERSION = YES;
				GCC_WARN_ABOUT_RETURN_TYPE = YES_ERROR;
				GCC_WARN_UNDECLARED_SELECTOR = YES;
				GCC_WARN_UNINITIALIZED_AUTOS = YES_AGGRESSIVE;
				GCC_WARN_UNUSED_FUNCTION = YES;
				GCC_WARN_UNUSED_VARIABLE = YES;
				IPHONEOS_DEPLOYMENT_TARGET = 13.2;
				MTL_ENABLE_DEBUG_INFO = INCLUDE_SOURCE;
				MTL_FAST_MATH = YES;
				ONLY_ACTIVE_ARCH = YES;
				SDKROOT = iphoneos;
				SWIFT_ACTIVE_COMPILATION_CONDITIONS = DEBUG;
				SWIFT_OPTIMIZATION_LEVEL = "-Onone";
			};
			name = Debug;
		};
		7F2A49C32459B016000AD982 /* Release */ = {
			isa = XCBuildConfiguration;
			buildSettings = {
				ALWAYS_SEARCH_USER_PATHS = NO;
				CLANG_ANALYZER_NONNULL = YES;
				CLANG_ANALYZER_NUMBER_OBJECT_CONVERSION = YES_AGGRESSIVE;
				CLANG_CXX_LANGUAGE_STANDARD = "gnu++14";
				CLANG_CXX_LIBRARY = "libc++";
				CLANG_ENABLE_MODULES = YES;
				CLANG_ENABLE_OBJC_ARC = YES;
				CLANG_ENABLE_OBJC_WEAK = YES;
				CLANG_WARN_BLOCK_CAPTURE_AUTORELEASING = YES;
				CLANG_WARN_BOOL_CONVERSION = YES;
				CLANG_WARN_COMMA = YES;
				CLANG_WARN_CONSTANT_CONVERSION = YES;
				CLANG_WARN_DEPRECATED_OBJC_IMPLEMENTATIONS = YES;
				CLANG_WARN_DIRECT_OBJC_ISA_USAGE = YES_ERROR;
				CLANG_WARN_DOCUMENTATION_COMMENTS = YES;
				CLANG_WARN_EMPTY_BODY = YES;
				CLANG_WARN_ENUM_CONVERSION = YES;
				CLANG_WARN_INFINITE_RECURSION = YES;
				CLANG_WARN_INT_CONVERSION = YES;
				CLANG_WARN_NON_LITERAL_NULL_CONVERSION = YES;
				CLANG_WARN_OBJC_IMPLICIT_RETAIN_SELF = YES;
				CLANG_WARN_OBJC_LITERAL_CONVERSION = YES;
				CLANG_WARN_OBJC_ROOT_CLASS = YES_ERROR;
				CLANG_WARN_RANGE_LOOP_ANALYSIS = YES;
				CLANG_WARN_STRICT_PROTOTYPES = YES;
				CLANG_WARN_SUSPICIOUS_MOVE = YES;
				CLANG_WARN_UNGUARDED_AVAILABILITY = YES_AGGRESSIVE;
				CLANG_WARN_UNREACHABLE_CODE = YES;
				CLANG_WARN__DUPLICATE_METHOD_MATCH = YES;
				COPY_PHASE_STRIP = NO;
				DEBUG_INFORMATION_FORMAT = "dwarf-with-dsym";
				ENABLE_NS_ASSERTIONS = NO;
				ENABLE_STRICT_OBJC_MSGSEND = YES;
				GCC_C_LANGUAGE_STANDARD = gnu11;
				GCC_NO_COMMON_BLOCKS = YES;
				GCC_WARN_64_TO_32_BIT_CONVERSION = YES;
				GCC_WARN_ABOUT_RETURN_TYPE = YES_ERROR;
				GCC_WARN_UNDECLARED_SELECTOR = YES;
				GCC_WARN_UNINITIALIZED_AUTOS = YES_AGGRESSIVE;
				GCC_WARN_UNUSED_FUNCTION = YES;
				GCC_WARN_UNUSED_VARIABLE = YES;
				IPHONEOS_DEPLOYMENT_TARGET = 13.2;
				MTL_ENABLE_DEBUG_INFO = NO;
				MTL_FAST_MATH = YES;
				SDKROOT = iphoneos;
				SWIFT_COMPILATION_MODE = wholemodule;
				SWIFT_OPTIMIZATION_LEVEL = "-O";
				VALIDATE_PRODUCT = YES;
			};
			name = Release;
		};
		7F2A49C52459B016000AD982 /* Debug */ = {
			isa = XCBuildConfiguration;
			baseConfigurationReference = B12A824AD73BEDB007539947 /* Pods-hw2_Login.debug.xcconfig */;
			buildSettings = {
				ASSETCATALOG_COMPILER_APPICON_NAME = AppIcon;
				CODE_SIGN_STYLE = Automatic;
				DEVELOPMENT_TEAM = K7PMZ9X55K;
				INFOPLIST_FILE = hw2_Login/Info.plist;
				LD_RUNPATH_SEARCH_PATHS = (
					"$(inherited)",
					"@executable_path/Frameworks",
				);
				PRODUCT_BUNDLE_IDENTIFIER = "com.assignment3.hw2-Login";
				PRODUCT_NAME = "$(TARGET_NAME)";
				SWIFT_VERSION = 5.0;
				TARGETED_DEVICE_FAMILY = "1,2";
			};
			name = Debug;
		};
		7F2A49C62459B016000AD982 /* Release */ = {
			isa = XCBuildConfiguration;
			baseConfigurationReference = D278764AF9D22ECF48ADADF2 /* Pods-hw2_Login.release.xcconfig */;
			buildSettings = {
				ASSETCATALOG_COMPILER_APPICON_NAME = AppIcon;
				CODE_SIGN_STYLE = Automatic;
				DEVELOPMENT_TEAM = K7PMZ9X55K;
				INFOPLIST_FILE = hw2_Login/Info.plist;
				LD_RUNPATH_SEARCH_PATHS = (
					"$(inherited)",
					"@executable_path/Frameworks",
				);
				PRODUCT_BUNDLE_IDENTIFIER = "com.assignment3.hw2-Login";
				PRODUCT_NAME = "$(TARGET_NAME)";
				SWIFT_VERSION = 5.0;
				TARGETED_DEVICE_FAMILY = "1,2";
			};
			name = Release;
		};
/* End XCBuildConfiguration section */

/* Begin XCConfigurationList section */
		7F2A49AB2459B015000AD982 /* Build configuration list for PBXProject "hw2_Login" */ = {
			isa = XCConfigurationList;
			buildConfigurations = (
				7F2A49C22459B016000AD982 /* Debug */,
				7F2A49C32459B016000AD982 /* Release */,
			);
			defaultConfigurationIsVisible = 0;
			defaultConfigurationName = Release;
		};
		7F2A49C42459B016000AD982 /* Build configuration list for PBXNativeTarget "hw2_Login" */ = {
			isa = XCConfigurationList;
			buildConfigurations = (
				7F2A49C52459B016000AD982 /* Debug */,
				7F2A49C62459B016000AD982 /* Release */,
			);
			defaultConfigurationIsVisible = 0;
			defaultConfigurationName = Release;
		};
/* End XCConfigurationList section */
	};
	rootObject = 7F2A49A82459B015000AD982 /* Project object */;
}
